
Microsoft Visual Studio Solution File, Format Version 12.00
# Visual Studio Version 16
VisualStudioVersion = 16.0.29613.14
MinimumVisualStudioVersion = 10.0.40219.1
Project("{FAE04EC0-301F-11D3-BF4B-00C04F79EFBC}") = "SelectAndSelectMeny", "SelectAndSelectMeny\SelectAndSelectMeny.csproj", "{202BEC4A-A29B-44A9-A3BA-6690A36A86C1}"
EndProject
Global
	GlobalSection(SolutionConfigurationPlatforms) = preSolution
		Debug|Any CPU = Debug|Any CPU
		Release|Any CPU = Release|Any CPU
	EndGlobalSection
	GlobalSection(ProjectConfigurationPlatforms) = postSolution
		{202BEC4A-A29B-44A9-A3BA-6690A36A86C1}.Debug|Any CPU.ActiveCfg = Debug|Any CPU
		{202BEC4A-A29B-44A9-A3BA-6690A36A86C1}.Debug|Any CPU.Build.0 = Debug|Any CPU
		{202BEC4A-A29B-44A9-A3BA-6690A36A86C1}.Release|Any CPU.ActiveCfg = Release|Any CPU
		{202BEC4A-A29B-44A9-A3BA-6690A36A86C1}.Release|Any CPU.Build.0 = Release|Any CPU
	EndGlobalSection
	GlobalSection(SolutionProperties) = preSolution
		HideSolutionNode = FALSE
	EndGlobalSection
	GlobalSection(ExtensibilityGlobals) = postSolution
		SolutionGuid = {92AC34F4-61AE-4C52-932B-C7DF4D5824E0}
	EndGlobalSection
EndGlobal
